lockfileVersion: '6.0'

settings:
  autoInstallPeers: true
  excludeLinksFromLockfile: false

dependencies:
  watch-cli:
    specifier: ^0.2.3
    version: 0.2.3

devDependencies:
  node:
    specifier: ^20.14.0
    version: 20.14.0

packages:

  /ansi-styles@1.0.0:
    resolution: {integrity: sha512-3iF4FIKdxaVYT3JqQuY3Wat/T2t7TRbbQ94Fu50ZUCbLy4TFbTzr90NOHQodQkNqmeEGCw8WbeP78WNi6SKYUA==}
    engines: {node: '>=0.8.0'}
    dev: false

  /chalk@0.4.0:
    resolution: {integrity: sha512-sQfYDlfv2DGVtjdoQqxS0cEZDroyG8h6TamA6rvxwlrU5BaSLDx9xhatBYl2pxZ7gmpNaPFVwBtdGdu5rQ+tYQ==}
    engines: {node: '>=0.8.0'}
    dependencies:
      ansi-styles: 1.0.0
      has-color: 0.1.7
      strip-ansi: 0.1.1
    dev: false

  /gaze@0.5.2:
    resolution: {integrity: sha512-3IWbXGkDDHFX8zIlNdfnmhvlSMhpBO6tDr4InB8fGku6dh/gjFPGNqcdsXJajZg05x9jRzXbL6gCnCnuMap4tw==}
    engines: {node: '>= 0.8.0'}
    dependencies:
      globule: 0.1.0
    dev: false

  /glob@3.1.21:
    resolution: {integrity: sha512-ANhy2V2+tFpRajE3wN4DhkNQ08KDr0Ir1qL12/cUe5+a7STEK8jkW4onUYuY8/06qAFuT5je7mjAqzx0eKI2tQ==}
    deprecated: Glob versions prior to v9 are no longer supported
    dependencies:
      graceful-fs: 1.2.3
      inherits: 1.0.2
      minimatch: 0.2.14
    dev: false

  /globule@0.1.0:
    resolution: {integrity: sha512-3eIcA2OjPCm4VvwIwZPzIxCVssA8HSpM2C6c6kK5ufJH4FGwWoyqL3In19uuX4oe+TwH3w2P1nQDmW56iehO4A==}
    engines: {node: '>= 0.8.0'}
    dependencies:
      glob: 3.1.21
      lodash: 1.0.2
      minimatch: 0.2.14
    dev: false

  /graceful-fs@1.2.3:
    resolution: {integrity: sha512-iiTUZ5vZ+2ZV+h71XAgwCSu6+NAizhFU3Yw8aC/hH5SQ3SnISqEqAek40imAFGtDcwJKNhXvSY+hzIolnLwcdQ==}
    engines: {node: '>=0.4.0'}
    deprecated: please upgrade to graceful-fs 4 for compatibility with current and future versions of Node.js
    dev: false

  /has-color@0.1.7:
    resolution: {integrity: sha512-kaNz5OTAYYmt646Hkqw50/qyxP2vFnTVu5AQ1Zmk22Kk5+4Qx6BpO8+u7IKsML5fOsFk0ZT0AcCJNYwcvaLBvw==}
    engines: {node: '>=0.10.0'}
    dev: false

  /has-flag@2.0.0:
    resolution: {integrity: sha512-P+1n3MnwjR/Epg9BBo1KT8qbye2g2Ou4sFumihwt6I4tsUX7jnLcX4BTOSKg/B1ZrIYMN9FcEnG4x5a7NB8Eng==}
    engines: {node: '>=0.10.0'}
    dev: false

  /inherits@1.0.2:
    resolution: {integrity: sha512-Al67oatbRSo3RV5hRqIoln6Y5yMVbJSIn4jEJNL7VCImzq/kLr7vvb6sFRJXqr8rpHc/2kJOM+y0sPKN47VdzA==}
    dev: false

  /lodash@1.0.2:
    resolution: {integrity: sha512-0VSEDVec/Me2eATuoiQd8IjyBMMX0fahob8YJ96V1go2RjvCk1m1GxmtfXn8RNSaLaTtop7fsuhhu9oLk3hUgA==}
    engines: {'0': node, '1': rhino}
    dev: false

  /lodash@3.10.1:
    resolution: {integrity: sha512-9mDDwqVIma6OZX79ZlDACZl8sBm0TEnkf99zV3iMA4GzkIT/9hiqP5mY0HoT1iNLCrKc/R1HByV+yJfRWVJryQ==}
    dev: false

  /lru-cache@2.7.3:
    resolution: {integrity: sha512-WpibWJ60c3AgAz8a2iYErDrcT2C7OmKnsWhIcHOjkUHFjkXncJhtLxNSqUmxRxRunpb5I8Vprd7aNSd2NtksJQ==}
    dev: false

  /minimatch@0.2.14:
    resolution: {integrity: sha512-zZ+Jy8lVWlvqqeM8iZB7w7KmQkoJn8djM585z88rywrEbzoqawVa9FR5p2hwD+y74nfuKOjmNvi9gtWJNLqHvA==}
    deprecated: Please update to minimatch 3.0.2 or higher to avoid a RegExp DoS issue
    dependencies:
      lru-cache: 2.7.3
      sigmund: 1.0.1
    dev: false

  /minimist@1.2.8:
    resolution: {integrity: sha512-2yyAR8qBkN3YuheJanUpWC5U3bb5osDywNB8RzDVlDwDHbocAJveqqj1u8+SVD7jkWT4yvsHCpWqqWqAxb0zCA==}
    dev: false

  /node-bin-setup@1.1.3:
    resolution: {integrity: sha512-opgw9iSCAzT2+6wJOETCpeRYAQxSopqQ2z+N6BXwIMsQQ7Zj5M8MaafQY8JMlolRR6R1UXg2WmhKp0p9lSOivg==}
    dev: true

  /node@20.14.0:
    resolution: {integrity: sha512-E2CjIYa9wo+GXJagY+pkzZftBo9R6lwk3pLfgHsMnXTncE3TOp2rbJAGtUkXNZ+HV1LUngAgvaTs3DWU24Vklg==}
    engines: {npm: '>=5.0.0'}
    hasBin: true
    requiresBuild: true
    dependencies:
      node-bin-setup: 1.1.3
    dev: true

  /sigmund@1.0.1:
    resolution: {integrity: sha512-fCvEXfh6NWpm+YSuY2bpXb/VIihqWA6hLsgboC+0nl71Q7N7o2eaCW8mJa/NLvQhs6jpd3VZV4UiUQlV6+lc8g==}
    dev: false

  /strip-ansi@0.1.1:
    resolution: {integrity: sha512-behete+3uqxecWlDAm5lmskaSaISA+ThQ4oNNBDTBJt0x2ppR6IPqfZNuj6BLaLJ/Sji4TPZlcRyOis8wXQTLg==}
    engines: {node: '>=0.8.0'}
    hasBin: true
    dev: false

  /supports-color@4.5.0:
    resolution: {integrity: sha512-ycQR/UbvI9xIlEdQT1TQqwoXtEldExbCEAJgRo5YXlmSKjv6ThHnP9/vwGa1gr19Gfw+LkFd7KqYMhzrRC5JYw==}
    engines: {node: '>=4'}
    dependencies:
      has-flag: 2.0.0
    dev: false

  /verbalize@0.1.2:
    resolution: {integrity: sha512-np7jPE3fqF3KHwZJ6hy+3O/E4DwYVZtktw0I6viZsaCxOzq1WRUdBf9O0Ur3qKa1qcvftpvvljiLyRUIYcMNhw==}
    engines: {node: '>=0.10.0', npm: '>=1.2.10'}
    dependencies:
      chalk: 0.4.0
    dev: false

  /watch-cli@0.2.3:
    resolution: {integrity: sha512-+g6n5J+jimY8hxcoHQaePPNnjmRux0nCN9BztkChx9mOas61rou3nXxTireuOMSPz7sIM7/vk6vG1f85h6Ob2A==}
    engines: {node: '>=0.8'}
    hasBin: true
    dependencies:
      gaze: 0.5.2
      lodash: 3.10.1
      minimist: 1.2.8
      supports-color: 4.5.0
      verbalize: 0.1.2
    dev: false
